// !$*UTF8*$!
{
	archiveVersion = 1;
	classes = {
	};
	objectVersion = 56;
	objects = {

/* Begin PBXBuildFile section */
		42C9A7572A00161500745583 /* FontSystem.swift in Sources */ = {isa = PBXBuildFile; fileRef = 42C9A7562A00161500745583 /* FontSystem.swift */; };
		42C9A7592A00168A00745583 /* ModalFinishPromptView.swift in Sources */ = {isa = PBXBuildFile; fileRef = 42C9A7582A00168A00745583 /* ModalFinishPromptView.swift */; };
		42CDB44429FACF8C00C8AD6F /* HistoryJournalCardView.swift in Sources */ = {isa = PBXBuildFile; fileRef = 42CDB44329FACF8C00C8AD6F /* HistoryJournalCardView.swift */; };
		42E6A56B2A0111970008BFF1 /* testSidebar.swift in Sources */ = {isa = PBXBuildFile; fileRef = 42E6A56A2A0111970008BFF1 /* testSidebar.swift */; };
		67B0B82629FA5ACC003A982F /* OnboardingView.swift in Sources */ = {isa = PBXBuildFile; fileRef = 67B0B82529FA5ACC003A982F /* OnboardingView.swift */; };
		67B0B82C29FB5CD3003A982F /* AssesmentView.swift in Sources */ = {isa = PBXBuildFile; fileRef = 67B0B82B29FB5CD3003A982F /* AssesmentView.swift */; };
		67B0B83229FED7BE003A982F /* ProfileEditView.swift in Sources */ = {isa = PBXBuildFile; fileRef = 67B0B83129FED7BE003A982F /* ProfileEditView.swift */; };
		8B5BFB6C29EFE370002A2526 /* MiniChallenge1App.swift in Sources */ = {isa = PBXBuildFile; fileRef = 8B5BFB6B29EFE370002A2526 /* MiniChallenge1App.swift */; };
		8B5BFB6E29EFE370002A2526 /* ContentView.swift in Sources */ = {isa = PBXBuildFile; fileRef = 8B5BFB6D29EFE370002A2526 /* ContentView.swift */; };
		8B5BFB7029EFE371002A2526 /* Assets.xcassets in Resources */ = {isa = PBXBuildFile; fileRef = 8B5BFB6F29EFE371002A2526 /* Assets.xcassets */; };
		8B5BFB7329EFE371002A2526 /* Preview Assets.xcassets in Resources */ = {isa = PBXBuildFile; fileRef = 8B5BFB7229EFE371002A2526 /* Preview Assets.xcassets */; };
		8B5BFBB929F28CB5002A2526 /* Prompt.swift in Sources */ = {isa = PBXBuildFile; fileRef = 8B5BFBB829F28CB5002A2526 /* Prompt.swift */; };
		8B5BFBBB29F28D20002A2526 /* ErrorMessage.swift in Sources */ = {isa = PBXBuildFile; fileRef = 8B5BFBBA29F28D20002A2526 /* ErrorMessage.swift */; };
		8B5BFBBE29F28FCC002A2526 /* CoreDataManager.swift in Sources */ = {isa = PBXBuildFile; fileRef = 8B5BFBBD29F28FCC002A2526 /* CoreDataManager.swift */; };
		8B5BFBC329F2901F002A2526 /* AppColor.swift in Sources */ = {isa = PBXBuildFile; fileRef = 8B5BFBC229F2901F002A2526 /* AppColor.swift */; };
		8B5BFBC529F291CE002A2526 /* EmptyStateView.swift in Sources */ = {isa = PBXBuildFile; fileRef = 8B5BFBC429F291CE002A2526 /* EmptyStateView.swift */; };
		8B5BFBCF29F292C1002A2526 /* TextModifier.swift in Sources */ = {isa = PBXBuildFile; fileRef = 8B5BFBCE29F292C1002A2526 /* TextModifier.swift */; };
		8B5BFBD229F292DD002A2526 /* CardModifier.swift in Sources */ = {isa = PBXBuildFile; fileRef = 8B5BFBD129F292DD002A2526 /* CardModifier.swift */; };
		8B5BFBD429F29342002A2526 /* Dummy.swift in Sources */ = {isa = PBXBuildFile; fileRef = 8B5BFBD329F29342002A2526 /* Dummy.swift */; };
		8B5BFBDD29F2C83B002A2526 /* Journaling.swift in Sources */ = {isa = PBXBuildFile; fileRef = 8B5BFBDC29F2C83B002A2526 /* Journaling.swift */; };
		8B5BFBDF29F2C849002A2526 /* JournalingRepository.swift in Sources */ = {isa = PBXBuildFile; fileRef = 8B5BFBDE29F2C849002A2526 /* JournalingRepository.swift */; };
		8B5BFBE129F2C85A002A2526 /* JournalingViewModel.swift in Sources */ = {isa = PBXBuildFile; fileRef = 8B5BFBE029F2C85A002A2526 /* JournalingViewModel.swift */; };
		8B5BFBE329F2C967002A2526 /* PromptComponent.swift in Sources */ = {isa = PBXBuildFile; fileRef = 8B5BFBE229F2C967002A2526 /* PromptComponent.swift */; };
		8B5BFBE929F51293002A2526 /* JournalView.swift in Sources */ = {isa = PBXBuildFile; fileRef = 8B5BFBE829F51293002A2526 /* JournalView.swift */; };
		8B5BFBEB29F512A0002A2526 /* HistoryView.swift in Sources */ = {isa = PBXBuildFile; fileRef = 8B5BFBEA29F512A0002A2526 /* HistoryView.swift */; };
		8B5BFBED29F512AB002A2526 /* ProfileView.swift in Sources */ = {isa = PBXBuildFile; fileRef = 8B5BFBEC29F512AB002A2526 /* ProfileView.swift */; };
		8B63CE5629F6D7D000012A38 /* UIImage+Ext.swift in Sources */ = {isa = PBXBuildFile; fileRef = 8B63CE5529F6D7D000012A38 /* UIImage+Ext.swift */; };
		8B63CE5829F913DD00012A38 /* CircularProgressBar.swift in Sources */ = {isa = PBXBuildFile; fileRef = 8B63CE5729F913DD00012A38 /* CircularProgressBar.swift */; };
		8B63CE5A29F917A500012A38 /* CornerRadius+Ext.swift in Sources */ = {isa = PBXBuildFile; fileRef = 8B63CE5929F917A500012A38 /* CornerRadius+Ext.swift */; };
		8B63CE5E29F9530200012A38 /* MainJournalCardView.swift in Sources */ = {isa = PBXBuildFile; fileRef = 8B63CE5D29F9530200012A38 /* MainJournalCardView.swift */; };
		8B63CE6129F9531600012A38 /* OtherJournalCardView.swift in Sources */ = {isa = PBXBuildFile; fileRef = 8B63CE6029F9531600012A38 /* OtherJournalCardView.swift */; };
		8B63CE6729F9919C00012A38 /* ButtonMainJournalView.swift in Sources */ = {isa = PBXBuildFile; fileRef = 8B63CE6629F9919C00012A38 /* ButtonMainJournalView.swift */; };
		8B63CE6A29F99E3000012A38 /* ModalCreateJournalView.swift in Sources */ = {isa = PBXBuildFile; fileRef = 8B63CE6929F99E3000012A38 /* ModalCreateJournalView.swift */; };
		8B63CE6E29FA64B000012A38 /* SplashScreen.swift in Sources */ = {isa = PBXBuildFile; fileRef = 8B63CE6D29FA64B000012A38 /* SplashScreen.swift */; };
		8B63CE7029FA786C00012A38 /* PromptJournalView.swift in Sources */ = {isa = PBXBuildFile; fileRef = 8B63CE6F29FA786C00012A38 /* PromptJournalView.swift */; };
		8B7572642A0247E900055090 /* ModalConfirmationFinishPromptJournal.swift in Sources */ = {isa = PBXBuildFile; fileRef = 8B7572632A0247E900055090 /* ModalConfirmationFinishPromptJournal.swift */; };
		8B75726A2A02514400055090 /* MultipleChoice.swift in Sources */ = {isa = PBXBuildFile; fileRef = 8B7572692A02514400055090 /* MultipleChoice.swift */; };
		8B75726C2A02528100055090 /* MultipleChoices.swift in Sources */ = {isa = PBXBuildFile; fileRef = 8B75726B2A02528100055090 /* MultipleChoices.swift */; };
		8B75726E2A025FDC00055090 /* PreSelfAssesment.swift in Sources */ = {isa = PBXBuildFile; fileRef = 8B75726D2A025FDC00055090 /* PreSelfAssesment.swift */; };
		8B7572702A026E8900055090 /* NewSidebarTest.swift in Sources */ = {isa = PBXBuildFile; fileRef = 8B75726F2A026E8900055090 /* NewSidebarTest.swift */; };
		8B7572802A02AFD500055090 /* CircleButtonNext.swift in Sources */ = {isa = PBXBuildFile; fileRef = 8B75727F2A02AFD500055090 /* CircleButtonNext.swift */; };
		8B7572822A02D84600055090 /* FreeWriteJournalView.swift in Sources */ = {isa = PBXBuildFile; fileRef = 8B7572812A02D84600055090 /* FreeWriteJournalView.swift */; };
		8B7572842A02D86700055090 /* CanvasView.swift in Sources */ = {isa = PBXBuildFile; fileRef = 8B7572832A02D86700055090 /* CanvasView.swift */; };
		8B7572862A02E29000055090 /* SelfAssessmentResult.swift in Sources */ = {isa = PBXBuildFile; fileRef = 8B7572852A02E29000055090 /* SelfAssessmentResult.swift */; };
/* End PBXBuildFile section */

/* Begin PBXFileReference section */
		42C9A7562A00161500745583 /* FontSystem.swift */ = {isa = PBXFileReference; fileEncoding = 4; lastKnownFileType = sourcecode.swift; path = FontSystem.swift; sourceTree = "<group>"; };
		42C9A7582A00168A00745583 /* ModalFinishPromptView.swift */ = {isa = PBXFileReference; fileEncoding = 4; lastKnownFileType = sourcecode.swift; path = ModalFinishPromptView.swift; sourceTree = "<group>"; };
		42CDB44329FACF8C00C8AD6F /* HistoryJournalCardView.swift */ = {isa = PBXFileReference; lastKnownFileType = sourcecode.swift; path = HistoryJournalCardView.swift; sourceTree = "<group>"; };
		42E6A56A2A0111970008BFF1 /* testSidebar.swift */ = {isa = PBXFileReference; lastKnownFileType = sourcecode.swift; path = testSidebar.swift; sourceTree = "<group>"; };
		67B0B82529FA5ACC003A982F /* OnboardingView.swift */ = {isa = PBXFileReference; lastKnownFileType = sourcecode.swift; path = OnboardingView.swift; sourceTree = "<group>"; };
		67B0B82B29FB5CD3003A982F /* AssesmentView.swift */ = {isa = PBXFileReference; lastKnownFileType = sourcecode.swift; path = AssesmentView.swift; sourceTree = "<group>"; };
		67B0B83129FED7BE003A982F /* ProfileEditView.swift */ = {isa = PBXFileReference; lastKnownFileType = sourcecode.swift; path = ProfileEditView.swift; sourceTree = "<group>"; };
		8B5BFB6829EFE370002A2526 /* MiniChallenge1.app */ = {isa = PBXFileReference; explicitFileType = wrapper.application; includeInIndex = 0; path = MiniChallenge1.app; sourceTree = BUILT_PRODUCTS_DIR; };
		8B5BFB6B29EFE370002A2526 /* MiniChallenge1App.swift */ = {isa = PBXFileReference; lastKnownFileType = sourcecode.swift; path = MiniChallenge1App.swift; sourceTree = "<group>"; };
		8B5BFB6D29EFE370002A2526 /* ContentView.swift */ = {isa = PBXFileReference; lastKnownFileType = sourcecode.swift; path = ContentView.swift; sourceTree = "<group>"; };
		8B5BFB6F29EFE371002A2526 /* Assets.xcassets */ = {isa = PBXFileReference; lastKnownFileType = folder.assetcatalog; path = Assets.xcassets; sourceTree = "<group>"; };
		8B5BFB7229EFE371002A2526 /* Preview Assets.xcassets */ = {isa = PBXFileReference; lastKnownFileType = folder.assetcatalog; path = "Preview Assets.xcassets"; sourceTree = "<group>"; };
		8B5BFBB829F28CB5002A2526 /* Prompt.swift */ = {isa = PBXFileReference; lastKnownFileType = sourcecode.swift; path = Prompt.swift; sourceTree = "<group>"; };
		8B5BFBBA29F28D20002A2526 /* ErrorMessage.swift */ = {isa = PBXFileReference; lastKnownFileType = sourcecode.swift; path = ErrorMessage.swift; sourceTree = "<group>"; };
		8B5BFBBD29F28FCC002A2526 /* CoreDataManager.swift */ = {isa = PBXFileReference; lastKnownFileType = sourcecode.swift; path = CoreDataManager.swift; sourceTree = "<group>"; };
		8B5BFBC229F2901F002A2526 /* AppColor.swift */ = {isa = PBXFileReference; lastKnownFileType = sourcecode.swift; path = AppColor.swift; sourceTree = "<group>"; };
		8B5BFBC429F291CE002A2526 /* EmptyStateView.swift */ = {isa = PBXFileReference; lastKnownFileType = sourcecode.swift; path = EmptyStateView.swift; sourceTree = "<group>"; };
		8B5BFBCE29F292C1002A2526 /* TextModifier.swift */ = {isa = PBXFileReference; lastKnownFileType = sourcecode.swift; path = TextModifier.swift; sourceTree = "<group>"; };
		8B5BFBD129F292DD002A2526 /* CardModifier.swift */ = {isa = PBXFileReference; lastKnownFileType = sourcecode.swift; path = CardModifier.swift; sourceTree = "<group>"; };
		8B5BFBD329F29342002A2526 /* Dummy.swift */ = {isa = PBXFileReference; lastKnownFileType = sourcecode.swift; path = Dummy.swift; sourceTree = "<group>"; };
		8B5BFBDC29F2C83B002A2526 /* Journaling.swift */ = {isa = PBXFileReference; lastKnownFileType = sourcecode.swift; path = Journaling.swift; sourceTree = "<group>"; };
		8B5BFBDE29F2C849002A2526 /* JournalingRepository.swift */ = {isa = PBXFileReference; lastKnownFileType = sourcecode.swift; path = JournalingRepository.swift; sourceTree = "<group>"; };
		8B5BFBE029F2C85A002A2526 /* JournalingViewModel.swift */ = {isa = PBXFileReference; lastKnownFileType = sourcecode.swift; path = JournalingViewModel.swift; sourceTree = "<group>"; };
		8B5BFBE229F2C967002A2526 /* PromptComponent.swift */ = {isa = PBXFileReference; lastKnownFileType = sourcecode.swift; path = PromptComponent.swift; sourceTree = "<group>"; };
		8B5BFBE829F51293002A2526 /* JournalView.swift */ = {isa = PBXFileReference; lastKnownFileType = sourcecode.swift; path = JournalView.swift; sourceTree = "<group>"; };
		8B5BFBEA29F512A0002A2526 /* HistoryView.swift */ = {isa = PBXFileReference; lastKnownFileType = sourcecode.swift; path = HistoryView.swift; sourceTree = "<group>"; };
		8B5BFBEC29F512AB002A2526 /* ProfileView.swift */ = {isa = PBXFileReference; lastKnownFileType = sourcecode.swift; path = ProfileView.swift; sourceTree = "<group>"; };
		8B63CE5529F6D7D000012A38 /* UIImage+Ext.swift */ = {isa = PBXFileReference; lastKnownFileType = sourcecode.swift; path = "UIImage+Ext.swift"; sourceTree = "<group>"; };
		8B63CE5729F913DD00012A38 /* CircularProgressBar.swift */ = {isa = PBXFileReference; lastKnownFileType = sourcecode.swift; path = CircularProgressBar.swift; sourceTree = "<group>"; };
		8B63CE5929F917A500012A38 /* CornerRadius+Ext.swift */ = {isa = PBXFileReference; lastKnownFileType = sourcecode.swift; path = "CornerRadius+Ext.swift"; sourceTree = "<group>"; };
		8B63CE5D29F9530200012A38 /* MainJournalCardView.swift */ = {isa = PBXFileReference; lastKnownFileType = sourcecode.swift; path = MainJournalCardView.swift; sourceTree = "<group>"; };
		8B63CE6029F9531600012A38 /* OtherJournalCardView.swift */ = {isa = PBXFileReference; lastKnownFileType = sourcecode.swift; path = OtherJournalCardView.swift; sourceTree = "<group>"; };
		8B63CE6629F9919C00012A38 /* ButtonMainJournalView.swift */ = {isa = PBXFileReference; lastKnownFileType = sourcecode.swift; path = ButtonMainJournalView.swift; sourceTree = "<group>"; };
		8B63CE6929F99E3000012A38 /* ModalCreateJournalView.swift */ = {isa = PBXFileReference; lastKnownFileType = sourcecode.swift; path = ModalCreateJournalView.swift; sourceTree = "<group>"; };
		8B63CE6D29FA64B000012A38 /* SplashScreen.swift */ = {isa = PBXFileReference; lastKnownFileType = sourcecode.swift; path = SplashScreen.swift; sourceTree = "<group>"; };
		8B63CE6F29FA786C00012A38 /* PromptJournalView.swift */ = {isa = PBXFileReference; lastKnownFileType = sourcecode.swift; path = PromptJournalView.swift; sourceTree = "<group>"; };
		8B7572632A0247E900055090 /* ModalConfirmationFinishPromptJournal.swift */ = {isa = PBXFileReference; lastKnownFileType = sourcecode.swift; path = ModalConfirmationFinishPromptJournal.swift; sourceTree = "<group>"; };
		8B7572692A02514400055090 /* MultipleChoice.swift */ = {isa = PBXFileReference; lastKnownFileType = sourcecode.swift; path = MultipleChoice.swift; sourceTree = "<group>"; };
		8B75726B2A02528100055090 /* MultipleChoices.swift */ = {isa = PBXFileReference; lastKnownFileType = sourcecode.swift; path = MultipleChoices.swift; sourceTree = "<group>"; };
		8B75726D2A025FDC00055090 /* PreSelfAssesment.swift */ = {isa = PBXFileReference; fileEncoding = 4; lastKnownFileType = sourcecode.swift; path = PreSelfAssesment.swift; sourceTree = "<group>"; };
		8B75726F2A026E8900055090 /* NewSidebarTest.swift */ = {isa = PBXFileReference; lastKnownFileType = sourcecode.swift; path = NewSidebarTest.swift; sourceTree = "<group>"; };
		8B75727F2A02AFD500055090 /* CircleButtonNext.swift */ = {isa = PBXFileReference; lastKnownFileType = sourcecode.swift; path = CircleButtonNext.swift; sourceTree = "<group>"; };
		8B7572812A02D84600055090 /* FreeWriteJournalView.swift */ = {isa = PBXFileReference; lastKnownFileType = sourcecode.swift; path = FreeWriteJournalView.swift; sourceTree = "<group>"; };
		8B7572832A02D86700055090 /* CanvasView.swift */ = {isa = PBXFileReference; lastKnownFileType = sourcecode.swift; path = CanvasView.swift; sourceTree = "<group>"; };
		8B7572852A02E29000055090 /* SelfAssessmentResult.swift */ = {isa = PBXFileReference; lastKnownFileType = sourcecode.swift; path = SelfAssessmentResult.swift; sourceTree = "<group>"; };
/* End PBXFileReference section */

/* Begin PBXFrameworksBuildPhase section */
		8B5BFB6529EFE370002A2526 /* Frameworks */ = {
			isa = PBXFrameworksBuildPhase;
			buildActionMask = 2147483647;
			files = (
			);
			runOnlyForDeploymentPostprocessing = 0;
		};
/* End PBXFrameworksBuildPhase section */

/* Begin PBXGroup section */
		42C9A7552A00161500745583 /* Typography */ = {
			isa = PBXGroup;
			children = (
				42C9A7562A00161500745583 /* FontSystem.swift */,
			);
			path = Typography;
			sourceTree = "<group>";
		};
		8B5BFB5F29EFE370002A2526 = {
			isa = PBXGroup;
			children = (
				8B5BFB6A29EFE370002A2526 /* MiniChallenge1 */,
				8B5BFB6929EFE370002A2526 /* Products */,
			);
			sourceTree = "<group>";
		};
		8B5BFB6929EFE370002A2526 /* Products */ = {
			isa = PBXGroup;
			children = (
				8B5BFB6829EFE370002A2526 /* MiniChallenge1.app */,
			);
			name = Products;
			sourceTree = "<group>";
		};
		8B5BFB6A29EFE370002A2526 /* MiniChallenge1 */ = {
			isa = PBXGroup;
			children = (
				8B5BFBB029F28BD3002A2526 /* Applications */,
				8B5BFBB129F28BDA002A2526 /* Core */,
				8B5BFBB229F28BF6002A2526 /* Features */,
				8B5BFB7129EFE371002A2526 /* Preview Content */,
			);
			path = MiniChallenge1;
			sourceTree = "<group>";
		};
		8B5BFB7129EFE371002A2526 /* Preview Content */ = {
			isa = PBXGroup;
			children = (
				8B5BFB7229EFE371002A2526 /* Preview Assets.xcassets */,
			);
			path = "Preview Content";
			sourceTree = "<group>";
		};
		8B5BFBB029F28BD3002A2526 /* Applications */ = {
			isa = PBXGroup;
			children = (
				8B5BFB6D29EFE370002A2526 /* ContentView.swift */,
				8B5BFB6B29EFE370002A2526 /* MiniChallenge1App.swift */,
			);
			path = Applications;
			sourceTree = "<group>";
		};
		8B5BFBB129F28BDA002A2526 /* Core */ = {
			isa = PBXGroup;
			children = (
				8B5BFBB329F28C3A002A2526 /* Constant */,
				8B5BFBB429F28C44002A2526 /* Resources */,
				8B5BFBB529F28C4F002A2526 /* Utilities */,
				8B5BFBB629F28C5B002A2526 /* Themes */,
				8B5BFBB729F28C5F002A2526 /* Extension */,
			);
			path = Core;
			sourceTree = "<group>";
		};
		8B5BFBB229F28BF6002A2526 /* Features */ = {
			isa = PBXGroup;
			children = (
				8B7572732A02A67A00055090 /* Onboarding */,
				8B7572722A02A66100055090 /* SplashScreen */,
				8B7572712A02A61000055090 /* SelfAssessment */,
				8B5BFBD529F2C67C002A2526 /* Journaling */,
			);
			path = Features;
			sourceTree = "<group>";
		};
		8B5BFBB329F28C3A002A2526 /* Constant */ = {
			isa = PBXGroup;
			children = (
				8B5BFBB829F28CB5002A2526 /* Prompt.swift */,
				8B5BFBBA29F28D20002A2526 /* ErrorMessage.swift */,
			);
			path = Constant;
			sourceTree = "<group>";
		};
		8B5BFBB429F28C44002A2526 /* Resources */ = {
			isa = PBXGroup;
			children = (
				8B5BFB6F29EFE371002A2526 /* Assets.xcassets */,
			);
			path = Resources;
			sourceTree = "<group>";
		};
		8B5BFBB529F28C4F002A2526 /* Utilities */ = {
			isa = PBXGroup;
			children = (
				8B5BFBBC29F28FA2002A2526 /* CoreData */,
			);
			path = Utilities;
			sourceTree = "<group>";
		};
		8B5BFBB629F28C5B002A2526 /* Themes */ = {
			isa = PBXGroup;
			children = (
				42C9A7552A00161500745583 /* Typography */,
				8B5BFBC029F28FF7002A2526 /* Colors */,
				8B5BFBC129F28FFB002A2526 /* Presenters */,
			);
			path = Themes;
			sourceTree = "<group>";
		};
		8B5BFBB729F28C5F002A2526 /* Extension */ = {
			isa = PBXGroup;
			children = (
				8B5BFBD329F29342002A2526 /* Dummy.swift */,
			);
			path = Extension;
			sourceTree = "<group>";
		};
		8B5BFBBC29F28FA2002A2526 /* CoreData */ = {
			isa = PBXGroup;
			children = (
				8B5BFBBD29F28FCC002A2526 /* CoreDataManager.swift */,
			);
			path = CoreData;
			sourceTree = "<group>";
		};
		8B5BFBBF29F28FEA002A2526 /* Views */ = {
			isa = PBXGroup;
			children = (
				8B5BFBC429F291CE002A2526 /* EmptyStateView.swift */,
			);
			path = Views;
			sourceTree = "<group>";
		};
		8B5BFBC029F28FF7002A2526 /* Colors */ = {
			isa = PBXGroup;
			children = (
				8B5BFBC229F2901F002A2526 /* AppColor.swift */,
			);
			path = Colors;
			sourceTree = "<group>";
		};
		8B5BFBC129F28FFB002A2526 /* Presenters */ = {
			isa = PBXGroup;
			children = (
				8B5BFBBF29F28FEA002A2526 /* Views */,
				8B5BFBC629F291DA002A2526 /* Components */,
				8B5BFBCD29F292AF002A2526 /* Modifier */,
			);
			path = Presenters;
			sourceTree = "<group>";
		};
		8B5BFBC629F291DA002A2526 /* Components */ = {
			isa = PBXGroup;
			children = (
				8B75727F2A02AFD500055090 /* CircleButtonNext.swift */,
				8B5BFBD729F2C6BD002A2526 /* ViewModels */,
			);
			path = Components;
			sourceTree = "<group>";
		};
		8B5BFBCD29F292AF002A2526 /* Modifier */ = {
			isa = PBXGroup;
			children = (
				8B5BFBCE29F292C1002A2526 /* TextModifier.swift */,
				8B5BFBD129F292DD002A2526 /* CardModifier.swift */,
			);
			path = Modifier;
			sourceTree = "<group>";
		};
		8B5BFBD529F2C67C002A2526 /* Journaling */ = {
			isa = PBXGroup;
			children = (
				8B5BFBD629F2C6B2002A2526 /* Models */,
				8B5BFBD829F2C6D4002A2526 /* Presenters */,
			);
			path = Journaling;
			sourceTree = "<group>";
		};
		8B5BFBD629F2C6B2002A2526 /* Models */ = {
			isa = PBXGroup;
			children = (
				8B5BFBDC29F2C83B002A2526 /* Journaling.swift */,
				8B5BFBDE29F2C849002A2526 /* JournalingRepository.swift */,
			);
			path = Models;
			sourceTree = "<group>";
		};
		8B5BFBD729F2C6BD002A2526 /* ViewModels */ = {
			isa = PBXGroup;
			children = (
				8B5BFBE029F2C85A002A2526 /* JournalingViewModel.swift */,
			);
			path = ViewModels;
			sourceTree = "<group>";
		};
		8B5BFBD829F2C6D4002A2526 /* Presenters */ = {
			isa = PBXGroup;
			children = (
				8B5BFBD929F2C77E002A2526 /* Views */,
				8B5BFBDA29F2C78B002A2526 /* Components */,
				8B5BFBDB29F2C7A3002A2526 /* Extensions */,
			);
			path = Presenters;
			sourceTree = "<group>";
		};
		8B5BFBD929F2C77E002A2526 /* Views */ = {
			isa = PBXGroup;
			children = (
				8B5BFBE829F51293002A2526 /* JournalView.swift */,
				8B5BFBEA29F512A0002A2526 /* HistoryView.swift */,
				8B5BFBEC29F512AB002A2526 /* ProfileView.swift */,
				67B0B83129FED7BE003A982F /* ProfileEditView.swift */,
				8B63CE6F29FA786C00012A38 /* PromptJournalView.swift */,
				8B7572812A02D84600055090 /* FreeWriteJournalView.swift */,
				8B7572832A02D86700055090 /* CanvasView.swift */,
			);
			path = Views;
			sourceTree = "<group>";
		};
		8B5BFBDA29F2C78B002A2526 /* Components */ = {
			isa = PBXGroup;
			children = (
				8B75727E2A02ADDC00055090 /* Modal */,
				8B63CE5729F913DD00012A38 /* CircularProgressBar.swift */,
				8B63CE5D29F9530200012A38 /* MainJournalCardView.swift */,
				8B63CE6029F9531600012A38 /* OtherJournalCardView.swift */,
				8B63CE6629F9919C00012A38 /* ButtonMainJournalView.swift */,
				42CDB44329FACF8C00C8AD6F /* HistoryJournalCardView.swift */,
				42E6A56A2A0111970008BFF1 /* testSidebar.swift */,
				8B75726F2A026E8900055090 /* NewSidebarTest.swift */,
				8B5BFBE229F2C967002A2526 /* PromptComponent.swift */,
				8B7572852A02E29000055090 /* SelfAssessmentResult.swift */,
			);
			path = Components;
			sourceTree = "<group>";
		};
		8B5BFBDB29F2C7A3002A2526 /* Extensions */ = {
			isa = PBXGroup;
			children = (
				8B63CE5529F6D7D000012A38 /* UIImage+Ext.swift */,
				8B63CE5929F917A500012A38 /* CornerRadius+Ext.swift */,
			);
			path = Extensions;
			sourceTree = "<group>";
		};
		8B7572712A02A61000055090 /* SelfAssessment */ = {
			isa = PBXGroup;
			children = (
				8B7572782A02A83000055090 /* Models */,
				8B7572772A02A81500055090 /* Presenters */,
			);
			path = SelfAssessment;
			sourceTree = "<group>";
		};
		8B7572722A02A66100055090 /* SplashScreen */ = {
			isa = PBXGroup;
			children = (
				8B7572762A02A7F400055090 /* Presenters */,
			);
			path = SplashScreen;
			sourceTree = "<group>";
		};
		8B7572732A02A67A00055090 /* Onboarding */ = {
			isa = PBXGroup;
			children = (
				8B7572742A02A73200055090 /* Models */,
				8B7572752A02A73C00055090 /* Presenters */,
			);
			path = Onboarding;
			sourceTree = "<group>";
		};
		8B7572742A02A73200055090 /* Models */ = {
			isa = PBXGroup;
			children = (
			);
			path = Models;
			sourceTree = "<group>";
		};
		8B7572752A02A73C00055090 /* Presenters */ = {
			isa = PBXGroup;
			children = (
				8B7572792A02A86900055090 /* Views */,
				8B75727A2A02A87000055090 /* Components */,
			);
			path = Presenters;
			sourceTree = "<group>";
		};
		8B7572762A02A7F400055090 /* Presenters */ = {
			isa = PBXGroup;
			children = (
				8B75727B2A02A8D400055090 /* Views */,
			);
			path = Presenters;
			sourceTree = "<group>";
		};
		8B7572772A02A81500055090 /* Presenters */ = {
			isa = PBXGroup;
			children = (
				8B75727C2A02A9BE00055090 /* Views */,
				8B75727D2A02A9C600055090 /* Components */,
			);
			path = Presenters;
			sourceTree = "<group>";
		};
		8B7572782A02A83000055090 /* Models */ = {
			isa = PBXGroup;
			children = (
			);
			path = Models;
			sourceTree = "<group>";
		};
		8B7572792A02A86900055090 /* Views */ = {
			isa = PBXGroup;
			children = (
				8B75726D2A025FDC00055090 /* PreSelfAssesment.swift */,
				67B0B82529FA5ACC003A982F /* OnboardingView.swift */,
			);
			path = Views;
			sourceTree = "<group>";
		};
		8B75727A2A02A87000055090 /* Components */ = {
			isa = PBXGroup;
			children = (
			);
			path = Components;
			sourceTree = "<group>";
		};
		8B75727B2A02A8D400055090 /* Views */ = {
			isa = PBXGroup;
			children = (
				8B63CE6D29FA64B000012A38 /* SplashScreen.swift */,
			);
			path = Views;
			sourceTree = "<group>";
		};
		8B75727C2A02A9BE00055090 /* Views */ = {
			isa = PBXGroup;
			children = (
				67B0B82B29FB5CD3003A982F /* AssesmentView.swift */,
			);
			path = Views;
			sourceTree = "<group>";
		};
		8B75727D2A02A9C600055090 /* Components */ = {
			isa = PBXGroup;
			children = (
				8B7572692A02514400055090 /* MultipleChoice.swift */,
				8B75726B2A02528100055090 /* MultipleChoices.swift */,
			);
			path = Components;
			sourceTree = "<group>";
		};
		8B75727E2A02ADDC00055090 /* Modal */ = {
			isa = PBXGroup;
			children = (
				42C9A7582A00168A00745583 /* ModalFinishPromptView.swift */,
				8B63CE6929F99E3000012A38 /* ModalCreateJournalView.swift */,
				8B7572632A0247E900055090 /* ModalConfirmationFinishPromptJournal.swift */,
			);
			path = Modal;
			sourceTree = "<group>";
		};
/* End PBXGroup section */

/* Begin PBXNativeTarget section */
		8B5BFB6729EFE370002A2526 /* MiniChallenge1 */ = {
			isa = PBXNativeTarget;
			buildConfigurationList = 8B5BFB7629EFE371002A2526 /* Build configuration list for PBXNativeTarget "MiniChallenge1" */;
			buildPhases = (
				8B5BFB6429EFE370002A2526 /* Sources */,
				8B5BFB6529EFE370002A2526 /* Frameworks */,
				8B5BFB6629EFE370002A2526 /* Resources */,
			);
			buildRules = (
			);
			dependencies = (
			);
			name = MiniChallenge1;
			packageProductDependencies = (
			);
			productName = MiniChallenge1;
			productReference = 8B5BFB6829EFE370002A2526 /* MiniChallenge1.app */;
			productType = "com.apple.product-type.application";
		};
/* End PBXNativeTarget section */

/* Begin PBXProject section */
		8B5BFB6029EFE370002A2526 /* Project object */ = {
			isa = PBXProject;
			attributes = {
				BuildIndependentTargetsInParallel = 1;
				LastSwiftUpdateCheck = 1420;
				LastUpgradeCheck = 1420;
				TargetAttributes = {
					8B5BFB6729EFE370002A2526 = {
						CreatedOnToolsVersion = 14.2;
					};
				};
			};
			buildConfigurationList = 8B5BFB6329EFE370002A2526 /* Build configuration list for PBXProject "MiniChallenge1" */;
			compatibilityVersion = "Xcode 14.0";
			developmentRegion = en;
			hasScannedForEncodings = 0;
			knownRegions = (
				en,
				Base,
			);
			mainGroup = 8B5BFB5F29EFE370002A2526;
			packageReferences = (
				8BAB643629FAF34200AD6594 /* XCRemoteSwiftPackageReference "SwiftUIMargin" */,
			);
			productRefGroup = 8B5BFB6929EFE370002A2526 /* Products */;
			projectDirPath = "";
			projectRoot = "";
			targets = (
				8B5BFB6729EFE370002A2526 /* MiniChallenge1 */,
			);
		};
/* End PBXProject section */

/* Begin PBXResourcesBuildPhase section */
		8B5BFB6629EFE370002A2526 /* Resources */ = {
			isa = PBXResourcesBuildPhase;
			buildActionMask = 2147483647;
			files = (
				8B5BFB7329EFE371002A2526 /* Preview Assets.xcassets in Resources */,
				8B5BFB7029EFE371002A2526 /* Assets.xcassets in Resources */,
			);
			runOnlyForDeploymentPostprocessing = 0;
		};
/* End PBXResourcesBuildPhase section */

/* Begin PBXSourcesBuildPhase section */
		8B5BFB6429EFE370002A2526 /* Sources */ = {
			isa = PBXSourcesBuildPhase;
			buildActionMask = 2147483647;
			files = (
				8B7572822A02D84600055090 /* FreeWriteJournalView.swift in Sources */,
				8B5BFBBB29F28D20002A2526 /* ErrorMessage.swift in Sources */,
				42CDB44429FACF8C00C8AD6F /* HistoryJournalCardView.swift in Sources */,
				8B63CE5A29F917A500012A38 /* CornerRadius+Ext.swift in Sources */,
				8B5BFB6E29EFE370002A2526 /* ContentView.swift in Sources */,
				67B0B83229FED7BE003A982F /* ProfileEditView.swift in Sources */,
				8B75726C2A02528100055090 /* MultipleChoices.swift in Sources */,
				8B63CE5E29F9530200012A38 /* MainJournalCardView.swift in Sources */,
				42E6A56B2A0111970008BFF1 /* testSidebar.swift in Sources */,
				8B5BFBD429F29342002A2526 /* Dummy.swift in Sources */,
				42C9A7572A00161500745583 /* FontSystem.swift in Sources */,
				8B63CE6729F9919C00012A38 /* ButtonMainJournalView.swift in Sources */,
				8B5BFBE129F2C85A002A2526 /* JournalingViewModel.swift in Sources */,
				8B63CE7029FA786C00012A38 /* PromptJournalView.swift in Sources */,
				8B63CE6129F9531600012A38 /* OtherJournalCardView.swift in Sources */,
				8B63CE6E29FA64B000012A38 /* SplashScreen.swift in Sources */,
				8B63CE5629F6D7D000012A38 /* UIImage+Ext.swift in Sources */,
				8B5BFBB929F28CB5002A2526 /* Prompt.swift in Sources */,
				8B5BFBE929F51293002A2526 /* JournalView.swift in Sources */,
				8B75726A2A02514400055090 /* MultipleChoice.swift in Sources */,
				67B0B82629FA5ACC003A982F /* OnboardingView.swift in Sources */,
				8B5BFBDD29F2C83B002A2526 /* Journaling.swift in Sources */,
				8B5BFBE329F2C967002A2526 /* PromptComponent.swift in Sources */,
				67B0B82C29FB5CD3003A982F /* AssesmentView.swift in Sources */,
				8B5BFBBE29F28FCC002A2526 /* CoreDataManager.swift in Sources */,
				8B5BFBDF29F2C849002A2526 /* JournalingRepository.swift in Sources */,
				42C9A7592A00168A00745583 /* ModalFinishPromptView.swift in Sources */,
				8B5BFB6C29EFE370002A2526 /* MiniChallenge1App.swift in Sources */,
				8B5BFBED29F512AB002A2526 /* ProfileView.swift in Sources */,
				8B5BFBEB29F512A0002A2526 /* HistoryView.swift in Sources */,
				8B5BFBCF29F292C1002A2526 /* TextModifier.swift in Sources */,
				8B7572842A02D86700055090 /* CanvasView.swift in Sources */,
				8B5BFBD229F292DD002A2526 /* CardModifier.swift in Sources */,
				8B7572642A0247E900055090 /* ModalConfirmationFinishPromptJournal.swift in Sources */,
				8B5BFBC329F2901F002A2526 /* AppColor.swift in Sources */,
				8B7572702A026E8900055090 /* NewSidebarTest.swift in Sources */,
				8B7572862A02E29000055090 /* SelfAssessmentResult.swift in Sources */,
				8B63CE6A29F99E3000012A38 /* ModalCreateJournalView.swift in Sources */,
				8B75726E2A025FDC00055090 /* PreSelfAssesment.swift in Sources */,
				8B5BFBC529F291CE002A2526 /* EmptyStateView.swift in Sources */,
				8B7572802A02AFD500055090 /* CircleButtonNext.swift in Sources */,
				8B63CE5829F913DD00012A38 /* CircularProgressBar.swift in Sources */,
			);
			runOnlyForDeploymentPostprocessing = 0;
		};
/* End PBXSourcesBuildPhase section */

/* Begin XCBuildConfiguration section */
		8B5BFB7429EFE371002A2526 /* Debug */ = {
			isa = XCBuildConfiguration;
			buildSettings = {
				ALWAYS_SEARCH_USER_PATHS = NO;
				CLANG_ANALYZER_NONNULL = YES;
				CLANG_ANALYZER_NUMBER_OBJECT_CONVERSION = YES_AGGRESSIVE;
				CLANG_CXX_LANGUAGE_STANDARD = "gnu++20";
				CLANG_ENABLE_MODULES = YES;
				CLANG_ENABLE_OBJC_ARC = YES;
				CLANG_ENABLE_OBJC_WEAK = YES;
				CLANG_WARN_BLOCK_CAPTURE_AUTORELEASING = YES;
				CLANG_WARN_BOOL_CONVERSION = YES;
				CLANG_WARN_COMMA = YES;
				CLANG_WARN_CONSTANT_CONVERSION = YES;
				CLANG_WARN_DEPRECATED_OBJC_IMPLEMENTATIONS = YES;
				CLANG_WARN_DIRECT_OBJC_ISA_USAGE = YES_ERROR;
				CLANG_WARN_DOCUMENTATION_COMMENTS = YES;
				CLANG_WARN_EMPTY_BODY = YES;
				CLANG_WARN_ENUM_CONVERSION = YES;
				CLANG_WARN_INFINITE_RECURSION = YES;
				CLANG_WARN_INT_CONVERSION = YES;
				CLANG_WARN_NON_LITERAL_NULL_CONVERSION = YES;
				CLANG_WARN_OBJC_IMPLICIT_RETAIN_SELF = YES;
				CLANG_WARN_OBJC_LITERAL_CONVERSION = YES;
				CLANG_WARN_OBJC_ROOT_CLASS = YES_ERROR;
				CLANG_WARN_QUOTED_INCLUDE_IN_FRAMEWORK_HEADER = YES;
				CLANG_WARN_RANGE_LOOP_ANALYSIS = YES;
				CLANG_WARN_STRICT_PROTOTYPES = YES;
				CLANG_WARN_SUSPICIOUS_MOVE = YES;
				CLANG_WARN_UNGUARDED_AVAILABILITY = YES_AGGRESSIVE;
				CLANG_WARN_UNREACHABLE_CODE = YES;
				CLANG_WARN__DUPLICATE_METHOD_MATCH = YES;
				COPY_PHASE_STRIP = NO;
				DEBUG_INFORMATION_FORMAT = dwarf;
				ENABLE_STRICT_OBJC_MSGSEND = YES;
				ENABLE_TESTABILITY = YES;
				GCC_C_LANGUAGE_STANDARD = gnu11;
				GCC_DYNAMIC_NO_PIC = NO;
				GCC_NO_COMMON_BLOCKS = YES;
				GCC_OPTIMIZATION_LEVEL = 0;
				GCC_PREPROCESSOR_DEFINITIONS = (
					"DEBUG=1",
					"$(inherited)",
				);
				GCC_WARN_64_TO_32_BIT_CONVERSION = YES;
				GCC_WARN_ABOUT_RETURN_TYPE = YES_ERROR;
				GCC_WARN_UNDECLARED_SELECTOR = YES;
				GCC_WARN_UNINITIALIZED_AUTOS = YES_AGGRESSIVE;
				GCC_WARN_UNUSED_FUNCTION = YES;
				GCC_WARN_UNUSED_VARIABLE = YES;
				IPHONEOS_DEPLOYMENT_TARGET = 16.2;
				MTL_ENABLE_DEBUG_INFO = INCLUDE_SOURCE;
				MTL_FAST_MATH = YES;
				ONLY_ACTIVE_ARCH = YES;
				SDKROOT = iphoneos;
				SWIFT_ACTIVE_COMPILATION_CONDITIONS = DEBUG;
				SWIFT_OPTIMIZATION_LEVEL = "-Onone";
			};
			name = Debug;
		};
		8B5BFB7529EFE371002A2526 /* Release */ = {
			isa = XCBuildConfiguration;
			buildSettings = {
				ALWAYS_SEARCH_USER_PATHS = NO;
				CLANG_ANALYZER_NONNULL = YES;
				CLANG_ANALYZER_NUMBER_OBJECT_CONVERSION = YES_AGGRESSIVE;
				CLANG_CXX_LANGUAGE_STANDARD = "gnu++20";
				CLANG_ENABLE_MODULES = YES;
				CLANG_ENABLE_OBJC_ARC = YES;
				CLANG_ENABLE_OBJC_WEAK = YES;
				CLANG_WARN_BLOCK_CAPTURE_AUTORELEASING = YES;
				CLANG_WARN_BOOL_CONVERSION = YES;
				CLANG_WARN_COMMA = YES;
				CLANG_WARN_CONSTANT_CONVERSION = YES;
				CLANG_WARN_DEPRECATED_OBJC_IMPLEMENTATIONS = YES;
				CLANG_WARN_DIRECT_OBJC_ISA_USAGE = YES_ERROR;
				CLANG_WARN_DOCUMENTATION_COMMENTS = YES;
				CLANG_WARN_EMPTY_BODY = YES;
				CLANG_WARN_ENUM_CONVERSION = YES;
				CLANG_WARN_INFINITE_RECURSION = YES;
				CLANG_WARN_INT_CONVERSION = YES;
				CLANG_WARN_NON_LITERAL_NULL_CONVERSION = YES;
				CLANG_WARN_OBJC_IMPLICIT_RETAIN_SELF = YES;
				CLANG_WARN_OBJC_LITERAL_CONVERSION = YES;
				CLANG_WARN_OBJC_ROOT_CLASS = YES_ERROR;
				CLANG_WARN_QUOTED_INCLUDE_IN_FRAMEWORK_HEADER = YES;
				CLANG_WARN_RANGE_LOOP_ANALYSIS = YES;
				CLANG_WARN_STRICT_PROTOTYPES = YES;
				CLANG_WARN_SUSPICIOUS_MOVE = YES;
				CLANG_WARN_UNGUARDED_AVAILABILITY = YES_AGGRESSIVE;
				CLANG_WARN_UNREACHABLE_CODE = YES;
				CLANG_WARN__DUPLICATE_METHOD_MATCH = YES;
				COPY_PHASE_STRIP = NO;
				DEBUG_INFORMATION_FORMAT = "dwarf-with-dsym";
				ENABLE_NS_ASSERTIONS = NO;
				ENABLE_STRICT_OBJC_MSGSEND = YES;
				GCC_C_LANGUAGE_STANDARD = gnu11;
				GCC_NO_COMMON_BLOCKS = YES;
				GCC_WARN_64_TO_32_BIT_CONVERSION = YES;
				GCC_WARN_ABOUT_RETURN_TYPE = YES_ERROR;
				GCC_WARN_UNDECLARED_SELECTOR = YES;
				GCC_WARN_UNINITIALIZED_AUTOS = YES_AGGRESSIVE;
				GCC_WARN_UNUSED_FUNCTION = YES;
				GCC_WARN_UNUSED_VARIABLE = YES;
				IPHONEOS_DEPLOYMENT_TARGET = 16.2;
				MTL_ENABLE_DEBUG_INFO = NO;
				MTL_FAST_MATH = YES;
				SDKROOT = iphoneos;
				SWIFT_COMPILATION_MODE = wholemodule;
				SWIFT_OPTIMIZATION_LEVEL = "-O";
				VALIDATE_PRODUCT = YES;
			};
			name = Release;
		};
		8B5BFB7729EFE371002A2526 /* Debug */ = {
			isa = XCBuildConfiguration;
			buildSettings = {
				ASSETCATALOG_COMPILER_APPICON_NAME = AppIcon;
				ASSETCATALOG_COMPILER_GLOBAL_ACCENT_COLOR_NAME = AccentColor;
				CODE_SIGN_STYLE = Automatic;
				CURRENT_PROJECT_VERSION = 1;
				DEVELOPMENT_ASSET_PATHS = "\"MiniChallenge1/Preview Content\"";
				DEVELOPMENT_TEAM = AC99AWYFJP;
				ENABLE_PREVIEWS = YES;
				GENERATE_INFOPLIST_FILE = YES;
				INFOPLIST_KEY_CFBundleDisplayName = Fragments;
				INFOPLIST_KEY_UIApplicationSceneManifest_Generation = YES;
				INFOPLIST_KEY_UIApplicationSupportsIndirectInputEvents = YES;
				INFOPLIST_KEY_UILaunchScreen_Generation = YES;
				INFOPLIST_KEY_UISupportedInterfaceOrientations_iPad = "UIInterfaceOrientationPortrait UIInterfaceOrientationPortraitUpsideDown UIInterfaceOrientationLandscapeLeft UIInterfaceOrientationLandscapeRight";
				INFOPLIST_KEY_UISupportedInterfaceOrientations_iPhone = "UIInterfaceOrientationPortrait UIInterfaceOrientationLandscapeLeft UIInterfaceOrientationLandscapeRight";
				INFOPLIST_KEY_UIUserInterfaceStyle = light;
				IPHONEOS_DEPLOYMENT_TARGET = 16.2;
				LD_RUNPATH_SEARCH_PATHS = (
					"$(inherited)",
					"@executable_path/Frameworks",
				);
				MARKETING_VERSION = 1.0;
				PRODUCT_BUNDLE_IDENTIFIER = moontsuki.MiniChallenge1;
				PRODUCT_NAME = "$(TARGET_NAME)";
				SUPPORTED_PLATFORMS = "iphoneos iphonesimulator";
				SUPPORTS_MACCATALYST = NO;
				SUPPORTS_MAC_DESIGNED_FOR_IPHONE_IPAD = NO;
				SWIFT_EMIT_LOC_STRINGS = YES;
				SWIFT_VERSION = 5.0;
				TARGETED_DEVICE_FAMILY = 2;
			};
			name = Debug;
		};
		8B5BFB7829EFE371002A2526 /* Release */ = {
			isa = XCBuildConfiguration;
			buildSettings = {
				ASSETCATALOG_COMPILER_APPICON_NAME = AppIcon;
				ASSETCATALOG_COMPILER_GLOBAL_ACCENT_COLOR_NAME = AccentColor;
				CODE_SIGN_STYLE = Automatic;
				CURRENT_PROJECT_VERSION = 1;
				DEVELOPMENT_ASSET_PATHS = "\"MiniChallenge1/Preview Content\"";
				DEVELOPMENT_TEAM = AC99AWYFJP;
				ENABLE_PREVIEWS = YES;
				GENERATE_INFOPLIST_FILE = YES;
				INFOPLIST_KEY_CFBundleDisplayName = Fragments;
				INFOPLIST_KEY_UIApplicationSceneManifest_Generation = YES;
				INFOPLIST_KEY_UIApplicationSupportsIndirectInputEvents = YES;
				INFOPLIST_KEY_UILaunchScreen_Generation = YES;
				INFOPLIST_KEY_UISupportedInterfaceOrientations_iPad = "UIInterfaceOrientationPortrait UIInterfaceOrientationPortraitUpsideDown UIInterfaceOrientationLandscapeLeft UIInterfaceOrientationLandscapeRight";
				INFOPLIST_KEY_UISupportedInterfaceOrientations_iPhone = "UIInterfaceOrientationPortrait UIInterfaceOrientationLandscapeLeft UIInterfaceOrientationLandscapeRight";
				INFOPLIST_KEY_UIUserInterfaceStyle = light;
				IPHONEOS_DEPLOYMENT_TARGET = 16.2;
				LD_RUNPATH_SEARCH_PATHS = (
					"$(inherited)",
					"@executable_path/Frameworks",
				);
				MARKETING_VERSION = 1.0;
				PRODUCT_BUNDLE_IDENTIFIER = moontsuki.MiniChallenge1;
				PRODUCT_NAME = "$(TARGET_NAME)";
				SUPPORTED_PLATFORMS = "iphoneos iphonesimulator";
				SUPPORTS_MACCATALYST = NO;
				SUPPORTS_MAC_DESIGNED_FOR_IPHONE_IPAD = NO;
				SWIFT_EMIT_LOC_STRINGS = YES;
				SWIFT_VERSION = 5.0;
				TARGETED_DEVICE_FAMILY = 2;
			};
			name = Release;
		};
/* End XCBuildConfiguration section */

/* Begin XCConfigurationList section */
		8B5BFB6329EFE370002A2526 /* Build configuration list for PBXProject "MiniChallenge1" */ = {
			isa = XCConfigurationList;
			buildConfigurations = (
				8B5BFB7429EFE371002A2526 /* Debug */,
				8B5BFB7529EFE371002A2526 /* Release */,
			);
			defaultConfigurationIsVisible = 0;
			defaultConfigurationName = Release;
		};
		8B5BFB7629EFE371002A2526 /* Build configuration list for PBXNativeTarget "MiniChallenge1" */ = {
			isa = XCConfigurationList;
			buildConfigurations = (
				8B5BFB7729EFE371002A2526 /* Debug */,
				8B5BFB7829EFE371002A2526 /* Release */,
			);
			defaultConfigurationIsVisible = 0;
			defaultConfigurationName = Release;
		};
/* End XCConfigurationList section */

/* Begin XCRemoteSwiftPackageReference section */
		8BAB643629FAF34200AD6594 /* XCRemoteSwiftPackageReference "SwiftUIMargin" */ = {
			isa = XCRemoteSwiftPackageReference;
			repositoryURL = "https://github.com/karamage/SwiftUIMargin.git";
			requirement = {
				kind = upToNextMajorVersion;
				minimumVersion = 0.1.1;
			};
		};
/* End XCRemoteSwiftPackageReference section */
	};
	rootObject = 8B5BFB6029EFE370002A2526 /* Project object */;
}
